
Microsoft Visual Studio Solution File, Format Version 12.00
# Visual Studio Version 16
VisualStudioVersion = 16.0.30320.27
MinimumVisualStudioVersion = 10.0.40219.1
Project("{FAE04EC0-301F-11D3-BF4B-00C04F79EFBC}") = "AlphaConsole", "AlphaConsole\AlphaConsole.csproj", "{4D943F37-0AD9-4F78-AC84-5DEEF7AD0E6D}"
EndProject
Global
	GlobalSection(SolutionConfigurationPlatforms) = preSolution
		Debug|Any CPU = Debug|Any CPU
		Release|Any CPU = Release|Any CPU
	EndGlobalSection
	GlobalSection(ProjectConfigurationPlatforms) = postSolution
		{4D943F37-0AD9-4F78-AC84-5DEEF7AD0E6D}.Debug|Any CPU.ActiveCfg = Debug|Any CPU
		{4D943F37-0AD9-4F78-AC84-5DEEF7AD0E6D}.Debug|Any CPU.Build.0 = Debug|Any CPU
		{4D943F37-0AD9-4F78-AC84-5DEEF7AD0E6D}.Release|Any CPU.ActiveCfg = Release|Any CPU
		{4D943F37-0AD9-4F78-AC84-5DEEF7AD0E6D}.Release|Any CPU.Build.0 = Release|Any CPU
	EndGlobalSection
	GlobalSection(SolutionProperties) = preSolution
		HideSolutionNode = FALSE
	EndGlobalSection
	GlobalSection(ExtensibilityGlobals) = postSolution
		SolutionGuid = {451CB4AD-FB27-4819-B34E-EA656C03CE5A}
	EndGlobalSection
EndGlobal
